// !$*UTF8*$!
{
	archiveVersion = 1;
	classes = {
	};
	objectVersion = 46;
	objects = {

/* Begin PBXBuildFile section */
		1E0746D71E81F8A400B33720 /* Copy.png in Resources */ = {isa = PBXBuildFile; fileRef = 1E0746D41E81F8A400B33720 /* Copy.png */; };
		1E0746D81E81F8A400B33720 /* Delete.png in Resources */ = {isa = PBXBuildFile; fileRef = 1E0746D51E81F8A400B33720 /* Delete.png */; };
		1E0746D91E81F8A400B33720 /* Refresh.png in Resources */ = {isa = PBXBuildFile; fileRef = 1E0746D61E81F8A400B33720 /* Refresh.png */; };
		1E0746DB1E81F8D100B33720 /* Settings.png in Resources */ = {isa = PBXBuildFile; fileRef = 1E0746DA1E81F8D100B33720 /* Settings.png */; };
		1E0746E01E8208BD00B33720 /* Notes.txt in Resources */ = {isa = PBXBuildFile; fileRef = 1E0746DF1E8208BD00B33720 /* Notes.txt */; };
		1E0746ED1E85455600B33720 /* MessageBox.swift in Sources */ = {isa = PBXBuildFile; fileRef = 1E0746EB1E85455600B33720 /* MessageBox.swift */; };
		1E0746EE1E85455600B33720 /* YesNoBox.swift in Sources */ = {isa = PBXBuildFile; fileRef = 1E0746EC1E85455600B33720 /* YesNoBox.swift */; };
		1E17B9701E7D7E8A0098B579 /* AppDelegate.swift in Sources */ = {isa = PBXBuildFile; fileRef = 1E17B96F1E7D7E8A0098B579 /* AppDelegate.swift */; };
		1E17B9731E7D7E8A0098B579 /* Codes.xcdatamodeld in Sources */ = {isa = PBXBuildFile; fileRef = 1E17B9711E7D7E8A0098B579 /* Codes.xcdatamodeld */; };
		1E17B9751E7D7E8A0098B579 /* MasterViewController.swift in Sources */ = {isa = PBXBuildFile; fileRef = 1E17B9741E7D7E8A0098B579 /* MasterViewController.swift */; };
		1E17B9771E7D7E8A0098B579 /* DetailViewController.swift in Sources */ = {isa = PBXBuildFile; fileRef = 1E17B9761E7D7E8A0098B579 /* DetailViewController.swift */; };
		1E17B97A1E7D7E8A0098B579 /* Main.storyboard in Resources */ = {isa = PBXBuildFile; fileRef = 1E17B9781E7D7E8A0098B579 /* Main.storyboard */; };
		1E17B97C1E7D7E8A0098B579 /* Assets.xcassets in Resources */ = {isa = PBXBuildFile; fileRef = 1E17B97B1E7D7E8A0098B579 /* Assets.xcassets */; };
		1E17B97F1E7D7E8A0098B579 /* LaunchScreen.storyboard in Resources */ = {isa = PBXBuildFile; fileRef = 1E17B97D1E7D7E8A0098B579 /* LaunchScreen.storyboard */; };
		1E17B98A1E7D7E8A0098B579 /* CodesTests.swift in Sources */ = {isa = PBXBuildFile; fileRef = 1E17B9891E7D7E8A0098B579 /* CodesTests.swift */; };
		1E17B9951E7D7E8A0098B579 /* CodesUITests.swift in Sources */ = {isa = PBXBuildFile; fileRef = 1E17B9941E7D7E8A0098B579 /* CodesUITests.swift */; };
/* End PBXBuildFile section */

/* Begin PBXContainerItemProxy section */
		1E17B9861E7D7E8A0098B579 /* PBXContainerItemProxy */ = {
			isa = PBXContainerItemProxy;
			containerPortal = 1E17B9641E7D7E8A0098B579 /* Project object */;
			proxyType = 1;
			remoteGlobalIDString = 1E17B96B1E7D7E8A0098B579;
			remoteInfo = Codes;
		};
		1E17B9911E7D7E8A0098B579 /* PBXContainerItemProxy */ = {
			isa = PBXContainerItemProxy;
			containerPortal = 1E17B9641E7D7E8A0098B579 /* Project object */;
			proxyType = 1;
			remoteGlobalIDString = 1E17B96B1E7D7E8A0098B579;
			remoteInfo = Codes;
		};
/* End PBXContainerItemProxy section */

/* Begin PBXFileReference section */
		1E0746D41E81F8A400B33720 /* Copy.png */ = {isa = PBXFileReference; lastKnownFileType = image.png; name = Copy.png; path = ../../../../Downloads/Copy.png; sourceTree = "<group>"; };
		1E0746D51E81F8A400B33720 /* Delete.png */ = {isa = PBXFileReference; lastKnownFileType = image.png; name = Delete.png; path = ../../../../Downloads/Delete.png; sourceTree = "<group>"; };
		1E0746D61E81F8A400B33720 /* Refresh.png */ = {isa = PBXFileReference; lastKnownFileType = image.png; name = Refresh.png; path = ../../../../Downloads/Refresh.png; sourceTree = "<group>"; };
		1E0746DA1E81F8D100B33720 /* Settings.png */ = {isa = PBXFileReference; lastKnownFileType = image.png; name = Settings.png; path = ../../../../Downloads/Settings.png; sourceTree = "<group>"; };
		1E0746DF1E8208BD00B33720 /* Notes.txt */ = {isa = PBXFileReference; fileEncoding = 4; lastKnownFileType = text; path = Notes.txt; sourceTree = "<group>"; };
		1E0746EB1E85455600B33720 /* MessageBox.swift */ = {isa = PBXFileReference; fileEncoding = 4; lastKnownFileType = sourcecode.swift; name = MessageBox.swift; path = MessageBoxes/MessageBox.swift; sourceTree = "<group>"; };
		1E0746EC1E85455600B33720 /* YesNoBox.swift */ = {isa = PBXFileReference; fileEncoding = 4; lastKnownFileType = sourcecode.swift; name = YesNoBox.swift; path = MessageBoxes/YesNoBox.swift; sourceTree = "<group>"; };
		1E17B96C1E7D7E8A0098B579 /* Codes.app */ = {isa = PBXFileReference; explicitFileType = wrapper.application; includeInIndex = 0; path = Codes.app; sourceTree = BUILT_PRODUCTS_DIR; };
		1E17B96F1E7D7E8A0098B579 /* AppDelegate.swift */ = {isa = PBXFileReference; lastKnownFileType = sourcecode.swift; path = AppDelegate.swift; sourceTree = "<group>"; };
		1E17B9721E7D7E8A0098B579 /* Codes.xcdatamodel */ = {isa = PBXFileReference; lastKnownFileType = wrapper.xcdatamodel; path = Codes.xcdatamodel; sourceTree = "<group>"; };
		1E17B9741E7D7E8A0098B579 /* MasterViewController.swift */ = {isa = PBXFileReference; lastKnownFileType = sourcecode.swift; path = MasterViewController.swift; sourceTree = "<group>"; };
		1E17B9761E7D7E8A0098B579 /* DetailViewController.swift */ = {isa = PBXFileReference; lastKnownFileType = sourcecode.swift; path = DetailViewController.swift; sourceTree = "<group>"; };
		1E17B9791E7D7E8A0098B579 /* Base */ = {isa = PBXFileReference; lastKnownFileType = file.storyboard; name = Base; path = Base.lproj/Main.storyboard; sourceTree = "<group>"; };
		1E17B97B1E7D7E8A0098B579 /* Assets.xcassets */ = {isa = PBXFileReference; lastKnownFileType = folder.assetcatalog; path = Assets.xcassets; sourceTree = "<group>"; };
		1E17B97E1E7D7E8A0098B579 /* Base */ = {isa = PBXFileReference; lastKnownFileType = file.storyboard; name = Base; path = Base.lproj/LaunchScreen.storyboard; sourceTree = "<group>"; };
		1E17B9801E7D7E8A0098B579 /* Info.plist */ = {isa = PBXFileReference; lastKnownFileType = text.plist.xml; path = Info.plist; sourceTree = "<group>"; };
		1E17B9851E7D7E8A0098B579 /* CodesTests.xctest */ = {isa = PBXFileReference; explicitFileType = wrapper.cfbundle; includeInIndex = 0; path = CodesTests.xctest; sourceTree = BUILT_PRODUCTS_DIR; };
		1E17B9891E7D7E8A0098B579 /* CodesTests.swift */ = {isa = PBXFileReference; lastKnownFileType = sourcecode.swift; path = CodesTests.swift; sourceTree = "<group>"; };
		1E17B98B1E7D7E8A0098B579 /* Info.plist */ = {isa = PBXFileReference; lastKnownFileType = text.plist.xml; path = Info.plist; sourceTree = "<group>"; };
		1E17B9901E7D7E8A0098B579 /* CodesUITests.xctest */ = {isa = PBXFileReference; explicitFileType = wrapper.cfbundle; includeInIndex = 0; path = CodesUITests.xctest; sourceTree = BUILT_PRODUCTS_DIR; };
		1E17B9941E7D7E8A0098B579 /* CodesUITests.swift */ = {isa = PBXFileReference; lastKnownFileType = sourcecode.swift; path = CodesUITests.swift; sourceTree = "<group>"; };
		1E17B9961E7D7E8A0098B579 /* Info.plist */ = {isa = PBXFileReference; lastKnownFileType = text.plist.xml; path = Info.plist; sourceTree = "<group>"; };
/* End PBXFileReference section */

/* Begin PBXFrameworksBuildPhase section */
		1E17B9691E7D7E8A0098B579 /* Frameworks */ = {
			isa = PBXFrameworksBuildPhase;
			buildActionMask = 2147483647;
			files = (
			);
			runOnlyForDeploymentPostprocessing = 0;
		};
		1E17B9821E7D7E8A0098B579 /* Frameworks */ = {
			isa = PBXFrameworksBuildPhase;
			buildActionMask = 2147483647;
			files = (
			);
			runOnlyForDeploymentPostprocessing = 0;
		};
		1E17B98D1E7D7E8A0098B579 /* Frameworks */ = {
			isa = PBXFrameworksBuildPhase;
			buildActionMask = 2147483647;
			files = (
			);
			runOnlyForDeploymentPostprocessing = 0;
		};
/* End PBXFrameworksBuildPhase section */

/* Begin PBXGroup section */
		1E0746DC1E81FE9C00B33720 /* MessageBoxes */ = {
			isa = PBXGroup;
			children = (
				1E0746EB1E85455600B33720 /* MessageBox.swift */,
				1E0746EC1E85455600B33720 /* YesNoBox.swift */,
			);
			name = MessageBoxes;
			sourceTree = "<group>";
		};
		1E17B9631E7D7E8A0098B579 = {
			isa = PBXGroup;
			children = (
				1E17B96E1E7D7E8A0098B579 /* Codes */,
				1E17B9881E7D7E8A0098B579 /* CodesTests */,
				1E17B9931E7D7E8A0098B579 /* CodesUITests */,
				1E17B96D1E7D7E8A0098B579 /* Products */,
			);
			sourceTree = "<group>";
		};
		1E17B96D1E7D7E8A0098B579 /* Products */ = {
			isa = PBXGroup;
			children = (
				1E17B96C1E7D7E8A0098B579 /* Codes.app */,
				1E17B9851E7D7E8A0098B579 /* CodesTests.xctest */,
				1E17B9901E7D7E8A0098B579 /* CodesUITests.xctest */,
			);
			name = Products;
			sourceTree = "<group>";
		};
		1E17B96E1E7D7E8A0098B579 /* Codes */ = {
			isa = PBXGroup;
			children = (
				1E0746DC1E81FE9C00B33720 /* MessageBoxes */,
				1E5C4C4F1E819F79007B0D4A /* Icons */,
				1E17B96F1E7D7E8A0098B579 /* AppDelegate.swift */,
				1E17B9741E7D7E8A0098B579 /* MasterViewController.swift */,
				1E17B9761E7D7E8A0098B579 /* DetailViewController.swift */,
				1E17B9781E7D7E8A0098B579 /* Main.storyboard */,
				1E17B97B1E7D7E8A0098B579 /* Assets.xcassets */,
				1E17B97D1E7D7E8A0098B579 /* LaunchScreen.storyboard */,
				1E17B9801E7D7E8A0098B579 /* Info.plist */,
				1E17B9711E7D7E8A0098B579 /* Codes.xcdatamodeld */,
				1E0746DF1E8208BD00B33720 /* Notes.txt */,
			);
			path = Codes;
			sourceTree = "<group>";
		};
		1E17B9881E7D7E8A0098B579 /* CodesTests */ = {
			isa = PBXGroup;
			children = (
				1E17B9891E7D7E8A0098B579 /* CodesTests.swift */,
				1E17B98B1E7D7E8A0098B579 /* Info.plist */,
			);
			path = CodesTests;
			sourceTree = "<group>";
		};
		1E17B9931E7D7E8A0098B579 /* CodesUITests */ = {
			isa = PBXGroup;
			children = (
				1E17B9941E7D7E8A0098B579 /* CodesUITests.swift */,
				1E17B9961E7D7E8A0098B579 /* Info.plist */,
			);
			path = CodesUITests;
			sourceTree = "<group>";
		};
		1E5C4C4F1E819F79007B0D4A /* Icons */ = {
			isa = PBXGroup;
			children = (
				1E0746DA1E81F8D100B33720 /* Settings.png */,
				1E0746D41E81F8A400B33720 /* Copy.png */,
				1E0746D51E81F8A400B33720 /* Delete.png */,
				1E0746D61E81F8A400B33720 /* Refresh.png */,
			);
			name = Icons;
			sourceTree = "<group>";
		};
/* End PBXGroup section */

/* Begin PBXNativeTarget section */
		1E17B96B1E7D7E8A0098B579 /* Codes */ = {
			isa = PBXNativeTarget;
			buildConfigurationList = 1E17B9991E7D7E8A0098B579 /* Build configuration list for PBXNativeTarget "Codes" */;
			buildPhases = (
				1E17B9681E7D7E8A0098B579 /* Sources */,
				1E17B9691E7D7E8A0098B579 /* Frameworks */,
				1E17B96A1E7D7E8A0098B579 /* Resources */,
			);
			buildRules = (
			);
			dependencies = (
			);
			name = Codes;
			productName = Codes;
			productReference = 1E17B96C1E7D7E8A0098B579 /* Codes.app */;
			productType = "com.apple.product-type.application";
		};
		1E17B9841E7D7E8A0098B579 /* CodesTests */ = {
			isa = PBXNativeTarget;
			buildConfigurationList = 1E17B99C1E7D7E8A0098B579 /* Build configuration list for PBXNativeTarget "CodesTests" */;
			buildPhases = (
				1E17B9811E7D7E8A0098B579 /* Sources */,
				1E17B9821E7D7E8A0098B579 /* Frameworks */,
				1E17B9831E7D7E8A0098B579 /* Resources */,
			);
			buildRules = (
			);
			dependencies = (
				1E17B9871E7D7E8A0098B579 /* PBXTargetDependency */,
			);
			name = CodesTests;
			productName = CodesTests;
			productReference = 1E17B9851E7D7E8A0098B579 /* CodesTests.xctest */;
			productType = "com.apple.product-type.bundle.unit-test";
		};
		1E17B98F1E7D7E8A0098B579 /* CodesUITests */ = {
			isa = PBXNativeTarget;
			buildConfigurationList = 1E17B99F1E7D7E8A0098B579 /* Build configuration list for PBXNativeTarget "CodesUITests" */;
			buildPhases = (
				1E17B98C1E7D7E8A0098B579 /* Sources */,
				1E17B98D1E7D7E8A0098B579 /* Frameworks */,
				1E17B98E1E7D7E8A0098B579 /* Resources */,
			);
			buildRules = (
			);
			dependencies = (
				1E17B9921E7D7E8A0098B579 /* PBXTargetDependency */,
			);
			name = CodesUITests;
			productName = CodesUITests;
			productReference = 1E17B9901E7D7E8A0098B579 /* CodesUITests.xctest */;
			productType = "com.apple.product-type.bundle.ui-testing";
		};
/* End PBXNativeTarget section */

/* Begin PBXProject section */
		1E17B9641E7D7E8A0098B579 /* Project object */ = {
			isa = PBXProject;
			attributes = {
				LastSwiftUpdateCheck = 0820;
				LastUpgradeCheck = 0820;
				ORGANIZATIONNAME = "Michael Mogensen";
				TargetAttributes = {
					1E17B96B1E7D7E8A0098B579 = {
						CreatedOnToolsVersion = 8.2.1;
						DevelopmentTeam = 9X9L96WTN5;
						ProvisioningStyle = Automatic;
					};
					1E17B9841E7D7E8A0098B579 = {
						CreatedOnToolsVersion = 8.2.1;
						DevelopmentTeam = 9X9L96WTN5;
						ProvisioningStyle = Automatic;
						TestTargetID = 1E17B96B1E7D7E8A0098B579;
					};
					1E17B98F1E7D7E8A0098B579 = {
						CreatedOnToolsVersion = 8.2.1;
						DevelopmentTeam = 9X9L96WTN5;
						ProvisioningStyle = Automatic;
						TestTargetID = 1E17B96B1E7D7E8A0098B579;
					};
				};
			};
			buildConfigurationList = 1E17B9671E7D7E8A0098B579 /* Build configuration list for PBXProject "Codes" */;
			compatibilityVersion = "Xcode 3.2";
			developmentRegion = English;
			hasScannedForEncodings = 0;
			knownRegions = (
				en,
				Base,
			);
			mainGroup = 1E17B9631E7D7E8A0098B579;
			productRefGroup = 1E17B96D1E7D7E8A0098B579 /* Products */;
			projectDirPath = "";
			projectRoot = "";
			targets = (
				1E17B96B1E7D7E8A0098B579 /* Codes */,
				1E17B9841E7D7E8A0098B579 /* CodesTests */,
				1E17B98F1E7D7E8A0098B579 /* CodesUITests */,
			);
		};
/* End PBXProject section */

/* Begin PBXResourcesBuildPhase section */
		1E17B96A1E7D7E8A0098B579 /* Resources */ = {
			isa = PBXResourcesBuildPhase;
			buildActionMask = 2147483647;
			files = (
				1E0746E01E8208BD00B33720 /* Notes.txt in Resources */,
				1E0746DB1E81F8D100B33720 /* Settings.png in Resources */,
				1E17B97F1E7D7E8A0098B579 /* LaunchScreen.storyboard in Resources */,
				1E0746D81E81F8A400B33720 /* Delete.png in Resources */,
				1E17B97C1E7D7E8A0098B579 /* Assets.xcassets in Resources */,
				1E0746D91E81F8A400B33720 /* Refresh.png in Resources */,
				1E0746D71E81F8A400B33720 /* Copy.png in Resources */,
				1E17B97A1E7D7E8A0098B579 /* Main.storyboard in Resources */,
			);
			runOnlyForDeploymentPostprocessing = 0;
		};
		1E17B9831E7D7E8A0098B579 /* Resources */ = {
			isa = PBXResourcesBuildPhase;
			buildActionMask = 2147483647;
			files = (
			);
			runOnlyForDeploymentPostprocessing = 0;
		};
		1E17B98E1E7D7E8A0098B579 /* Resources */ = {
			isa = PBXResourcesBuildPhase;
			buildActionMask = 2147483647;
			files = (
			);
			runOnlyForDeploymentPostprocessing = 0;
		};
/* End PBXResourcesBuildPhase section */

/* Begin PBXSourcesBuildPhase section */
		1E17B9681E7D7E8A0098B579 /* Sources */ = {
			isa = PBXSourcesBuildPhase;
			buildActionMask = 2147483647;
			files = (
				1E0746EE1E85455600B33720 /* YesNoBox.swift in Sources */,
				1E17B9731E7D7E8A0098B579 /* Codes.xcdatamodeld in Sources */,
				1E17B9701E7D7E8A0098B579 /* AppDelegate.swift in Sources */,
				1E17B9751E7D7E8A0098B579 /* MasterViewController.swift in Sources */,
				1E0746ED1E85455600B33720 /* MessageBox.swift in Sources */,
				1E17B9771E7D7E8A0098B579 /* DetailViewController.swift in Sources */,
			);
			runOnlyForDeploymentPostprocessing = 0;
		};
		1E17B9811E7D7E8A0098B579 /* Sources */ = {
			isa = PBXSourcesBuildPhase;
			buildActionMask = 2147483647;
			files = (
				1E17B98A1E7D7E8A0098B579 /* CodesTests.swift in Sources */,
			);
			runOnlyForDeploymentPostprocessing = 0;
		};
		1E17B98C1E7D7E8A0098B579 /* Sources */ = {
			isa = PBXSourcesBuildPhase;
			buildActionMask = 2147483647;
			files = (
				1E17B9951E7D7E8A0098B579 /* CodesUITests.swift in Sources */,
			);
			runOnlyForDeploymentPostprocessing = 0;
		};
/* End PBXSourcesBuildPhase section */

/* Begin PBXTargetDependency section */
		1E17B9871E7D7E8A0098B579 /* PBXTargetDependency */ = {
			isa = PBXTargetDependency;
			target = 1E17B96B1E7D7E8A0098B579 /* Codes */;
			targetProxy = 1E17B9861E7D7E8A0098B579 /* PBXContainerItemProxy */;
		};
		1E17B9921E7D7E8A0098B579 /* PBXTargetDependency */ = {
			isa = PBXTargetDependency;
			target = 1E17B96B1E7D7E8A0098B579 /* Codes */;
			targetProxy = 1E17B9911E7D7E8A0098B579 /* PBXContainerItemProxy */;
		};
/* End PBXTargetDependency section */

/* Begin PBXVariantGroup section */
		1E17B9781E7D7E8A0098B579 /* Main.storyboard */ = {
			isa = PBXVariantGroup;
			children = (
				1E17B9791E7D7E8A0098B579 /* Base */,
			);
			name = Main.storyboard;
			sourceTree = "<group>";
		};
		1E17B97D1E7D7E8A0098B579 /* LaunchScreen.storyboard */ = {
			isa = PBXVariantGroup;
			children = (
				1E17B97E1E7D7E8A0098B579 /* Base */,
			);
			name = LaunchScreen.storyboard;
			sourceTree = "<group>";
		};
/* End PBXVariantGroup section */

/* Begin XCBuildConfiguration section */
		1E17B9971E7D7E8A0098B579 /* Debug */ = {
			isa = XCBuildConfiguration;
			buildSettings = {
				ALWAYS_SEARCH_USER_PATHS = NO;
				CLANG_ANALYZER_NONNULL = YES;
				CLANG_CXX_LANGUAGE_STANDARD = "gnu++0x";
				CLANG_CXX_LIBRARY = "libc++";
				CLANG_ENABLE_MODULES = YES;
				CLANG_ENABLE_OBJC_ARC = YES;
				CLANG_WARN_BOOL_CONVERSION = YES;
				CLANG_WARN_CONSTANT_CONVERSION = YES;
				CLANG_WARN_DIRECT_OBJC_ISA_USAGE = YES_ERROR;
				CLANG_WARN_DOCUMENTATION_COMMENTS = YES;
				CLANG_WARN_EMPTY_BODY = YES;
				CLANG_WARN_ENUM_CONVERSION = YES;
				CLANG_WARN_INFINITE_RECURSION = YES;
				CLANG_WARN_INT_CONVERSION = YES;
				CLANG_WARN_OBJC_ROOT_CLASS = YES_ERROR;
				CLANG_WARN_SUSPICIOUS_MOVE = YES;
				CLANG_WARN_UNREACHABLE_CODE = YES;
				CLANG_WARN__DUPLICATE_METHOD_MATCH = YES;
				"CODE_SIGN_IDENTITY[sdk=iphoneos*]" = "iPhone Developer";
				COPY_PHASE_STRIP = NO;
				DEBUG_INFORMATION_FORMAT = dwarf;
				ENABLE_STRICT_OBJC_MSGSEND = YES;
				ENABLE_TESTABILITY = YES;
				GCC_C_LANGUAGE_STANDARD = gnu99;
				GCC_DYNAMIC_NO_PIC = NO;
				GCC_NO_COMMON_BLOCKS = YES;
				GCC_OPTIMIZATION_LEVEL = 0;
				GCC_PREPROCESSOR_DEFINITIONS = (
					"DEBUG=1",
					"$(inherited)",
				);
				GCC_WARN_64_TO_32_BIT_CONVERSION = YES;
				GCC_WARN_ABOUT_RETURN_TYPE = YES_ERROR;
				GCC_WARN_UNDECLARED_SELECTOR = YES;
				GCC_WARN_UNINITIALIZED_AUTOS = YES_AGGRESSIVE;
				GCC_WARN_UNUSED_FUNCTION = YES;
				GCC_WARN_UNUSED_VARIABLE = YES;
				IPHONEOS_DEPLOYMENT_TARGET = 10.2;
				MTL_ENABLE_DEBUG_INFO = YES;
				ONLY_ACTIVE_ARCH = YES;
				SDKROOT = iphoneos;
				SWIFT_ACTIVE_COMPILATION_CONDITIONS = DEBUG;
				SWIFT_OPTIMIZATION_LEVEL = "-Onone";
				TARGETED_DEVICE_FAMILY = "1,2";
			};
			name = Debug;
		};
		1E17B9981E7D7E8A0098B579 /* Release */ = {
			isa = XCBuildConfiguration;
			buildSettings = {
				ALWAYS_SEARCH_USER_PATHS = NO;
				CLANG_ANALYZER_NONNULL = YES;
				CLANG_CXX_LANGUAGE_STANDARD = "gnu++0x";
				CLANG_CXX_LIBRARY = "libc++";
				CLANG_ENABLE_MODULES = YES;
				CLANG_ENABLE_OBJC_ARC = YES;
				CLANG_WARN_BOOL_CONVERSION = YES;
				CLANG_WARN_CONSTANT_CONVERSION = YES;
				CLANG_WARN_DIRECT_OBJC_ISA_USAGE = YES_ERROR;
				CLANG_WARN_DOCUMENTATION_COMMENTS = YES;
				CLANG_WARN_EMPTY_BODY = YES;
				CLANG_WARN_ENUM_CONVERSION = YES;
				CLANG_WARN_INFINITE_RECURSION = YES;
				CLANG_WARN_INT_CONVERSION = YES;
				CLANG_WARN_OBJC_ROOT_CLASS = YES_ERROR;
				CLANG_WARN_SUSPICIOUS_MOVE = YES;
				CLANG_WARN_UNREACHABLE_CODE = YES;
				CLANG_WARN__DUPLICATE_METHOD_MATCH = YES;
				"CODE_SIGN_IDENTITY[sdk=iphoneos*]" = "iPhone Developer";
				COPY_PHASE_STRIP = NO;
				DEBUG_INFORMATION_FORMAT = "dwarf-with-dsym";
				ENABLE_NS_ASSERTIONS = NO;
				ENABLE_STRICT_OBJC_MSGSEND = YES;
				GCC_C_LANGUAGE_STANDARD = gnu99;
				GCC_NO_COMMON_BLOCKS = YES;
				GCC_WARN_64_TO_32_BIT_CONVERSION = YES;
				GCC_WARN_ABOUT_RETURN_TYPE = YES_ERROR;
				GCC_WARN_UNDECLARED_SELECTOR = YES;
				GCC_WARN_UNINITIALIZED_AUTOS = YES_AGGRESSIVE;
				GCC_WARN_UNUSED_FUNCTION = YES;
				GCC_WARN_UNUSED_VARIABLE = YES;
				IPHONEOS_DEPLOYMENT_TARGET = 10.2;
				MTL_ENABLE_DEBUG_INFO = NO;
				SDKROOT = iphoneos;
				SWIFT_OPTIMIZATION_LEVEL = "-Owholemodule";
				TARGETED_DEVICE_FAMILY = "1,2";
				VALIDATE_PRODUCT = YES;
			};
			name = Release;
		};
		1E17B99A1E7D7E8A0098B579 /* Debug */ = {
			isa = XCBuildConfiguration;
			buildSettings = {
				ASSETCATALOG_COMPILER_APPICON_NAME = AppIcon;
				DEVELOPMENT_TEAM = 9X9L96WTN5;
				INFOPLIST_FILE = Codes/Info.plist;
				LD_RUNPATH_SEARCH_PATHS = "$(inherited) @executable_path/Frameworks";
				PRODUCT_BUNDLE_IDENTIFIER = com.Codes.Codes;
				PRODUCT_NAME = "$(TARGET_NAME)";
				SWIFT_VERSION = 3.0;
			};
			name = Debug;
		};
		1E17B99B1E7D7E8A0098B579 /* Release */ = {
			isa = XCBuildConfiguration;
			buildSettings = {
				ASSETCATALOG_COMPILER_APPICON_NAME = AppIcon;
				DEVELOPMENT_TEAM = 9X9L96WTN5;
				INFOPLIST_FILE = Codes/Info.plist;
				LD_RUNPATH_SEARCH_PATHS = "$(inherited) @executable_path/Frameworks";
				PRODUCT_BUNDLE_IDENTIFIER = com.Codes.Codes;
				PRODUCT_NAME = "$(TARGET_NAME)";
				SWIFT_VERSION = 3.0;
			};
			name = Release;
		};
		1E17B99D1E7D7E8A0098B579 /* Debug */ = {
			isa = XCBuildConfiguration;
			buildSettings = {
				ALWAYS_EMBED_SWIFT_STANDARD_LIBRARIES = YES;
				BUNDLE_LOADER = "$(TEST_HOST)";
				DEVELOPMENT_TEAM = 9X9L96WTN5;
				INFOPLIST_FILE = CodesTests/Info.plist;
				LD_RUNPATH_SEARCH_PATHS = "$(inherited) @executable_path/Frameworks @loader_path/Frameworks";
				PRODUCT_BUNDLE_IDENTIFIER = com.Codes.CodesTests;
				PRODUCT_NAME = "$(TARGET_NAME)";
				SWIFT_VERSION = 3.0;
				TEST_HOST = "$(BUILT_PRODUCTS_DIR)/Codes.app/Codes";
			};
			name = Debug;
		};
		1E17B99E1E7D7E8A0098B579 /* Release */ = {
			isa = XCBuildConfiguration;
			buildSettings = {
				ALWAYS_EMBED_SWIFT_STANDARD_LIBRARIES = YES;
				BUNDLE_LOADER = "$(TEST_HOST)";
				DEVELOPMENT_TEAM = 9X9L96WTN5;
				INFOPLIST_FILE = CodesTests/Info.plist;
				LD_RUNPATH_SEARCH_PATHS = "$(inherited) @executable_path/Frameworks @loader_path/Frameworks";
				PRODUCT_BUNDLE_IDENTIFIER = com.Codes.CodesTests;
				PRODUCT_NAME = "$(TARGET_NAME)";
				SWIFT_VERSION = 3.0;
				TEST_HOST = "$(BUILT_PRODUCTS_DIR)/Codes.app/Codes";
			};
			name = Release;
		};
		1E17B9A01E7D7E8A0098B579 /* Debug */ = {
			isa = XCBuildConfiguration;
			buildSettings = {
				ALWAYS_EMBED_SWIFT_STANDARD_LIBRARIES = YES;
				DEVELOPMENT_TEAM = 9X9L96WTN5;
				INFOPLIST_FILE = CodesUITests/Info.plist;
				LD_RUNPATH_SEARCH_PATHS = "$(inherited) @executable_path/Frameworks @loader_path/Frameworks";
				PRODUCT_BUNDLE_IDENTIFIER = com.Codes.CodesUITests;
				PRODUCT_NAME = "$(TARGET_NAME)";
				SWIFT_VERSION = 3.0;
				TEST_TARGET_NAME = Codes;
			};
			name = Debug;
		};
		1E17B9A11E7D7E8A0098B579 /* Release */ = {
			isa = XCBuildConfiguration;
			buildSettings = {
				ALWAYS_EMBED_SWIFT_STANDARD_LIBRARIES = YES;
				DEVELOPMENT_TEAM = 9X9L96WTN5;
				INFOPLIST_FILE = CodesUITests/Info.plist;
				LD_RUNPATH_SEARCH_PATHS = "$(inherited) @executable_path/Frameworks @loader_path/Frameworks";
				PRODUCT_BUNDLE_IDENTIFIER = com.Codes.CodesUITests;
				PRODUCT_NAME = "$(TARGET_NAME)";
				SWIFT_VERSION = 3.0;
				TEST_TARGET_NAME = Codes;
			};
			name = Release;
		};
/* End XCBuildConfiguration section */

/* Begin XCConfigurationList section */
		1E17B9671E7D7E8A0098B579 /* Build configuration list for PBXProject "Codes" */ = {
			isa = XCConfigurationList;
			buildConfigurations = (
				1E17B9971E7D7E8A0098B579 /* Debug */,
				1E17B9981E7D7E8A0098B579 /* Release */,
			);
			defaultConfigurationIsVisible = 0;
			defaultConfigurationName = Release;
		};
		1E17B9991E7D7E8A0098B579 /* Build configuration list for PBXNativeTarget "Codes" */ = {
			isa = XCConfigurationList;
			buildConfigurations = (
				1E17B99A1E7D7E8A0098B579 /* Debug */,
				1E17B99B1E7D7E8A0098B579 /* Release */,
			);
			defaultConfigurationIsVisible = 0;
			defaultConfigurationName = Release;
		};
		1E17B99C1E7D7E8A0098B579 /* Build configuration list for PBXNativeTarget "CodesTests" */ = {
			isa = XCConfigurationList;
			buildConfigurations = (
				1E17B99D1E7D7E8A0098B579 /* Debug */,
				1E17B99E1E7D7E8A0098B579 /* Release */,
			);
			defaultConfigurationIsVisible = 0;
			defaultConfigurationName = Release;
		};
		1E17B99F1E7D7E8A0098B579 /* Build configuration list for PBXNativeTarget "CodesUITests" */ = {
			isa = XCConfigurationList;
			buildConfigurations = (
				1E17B9A01E7D7E8A0098B579 /* Debug */,
				1E17B9A11E7D7E8A0098B579 /* Release */,
			);
			defaultConfigurationIsVisible = 0;
			defaultConfigurationName = Release;
		};
/* End XCConfigurationList section */

/* Begin XCVersionGroup section */
		1E17B9711E7D7E8A0098B579 /* Codes.xcdatamodeld */ = {
			isa = XCVersionGroup;
			children = (
				1E17B9721E7D7E8A0098B579 /* Codes.xcdatamodel */,
			);
			currentVersion = 1E17B9721E7D7E8A0098B579 /* Codes.xcdatamodel */;
			path = Codes.xcdatamodeld;
			sourceTree = "<group>";
			versionGroupType = wrapper.xcdatamodel;
		};
/* End XCVersionGroup section */
	};
	rootObject = 1E17B9641E7D7E8A0098B579 /* Project object */;
}
